
Microsoft Visual Studio Solution File, Format Version 12.00
# Visual Studio 15
VisualStudioVersion = 15.0.26430.16
MinimumVisualStudioVersion = 10.0.40219.1
Project("{2150E333-8FDC-42A3-9474-1A3956D46DE8}") = "0-Presentation", "0-Presentation", "{E75C9962-4EFC-4FD9-BA7E-29607A650BB7}"
EndProject
Project("{2150E333-8FDC-42A3-9474-1A3956D46DE8}") = "1-Services", "1-Services", "{ABC0AC54-FD31-4B02-8ED7-20E8017AE8EF}"
EndProject
Project("{2150E333-8FDC-42A3-9474-1A3956D46DE8}") = "2-Application", "2-Application", "{3878C173-EA1E-4FEE-B207-9BF66052A70B}"
EndProject
Project("{2150E333-8FDC-42A3-9474-1A3956D46DE8}") = "3-Domain", "3-Domain", "{F7D0E9E3-AB57-4A1E-9672-486C57532F18}"
EndProject
Project("{2150E333-8FDC-42A3-9474-1A3956D46DE8}") = "4-Infra", "4-Infra", "{66531F31-7C1C-4CAB-9D61-17CF2BF619E9}"
EndProject
Project("{2150E333-8FDC-42A3-9474-1A3956D46DE8}") = "4.1-CrossCutting", "4.1-CrossCutting", "{30FE7F71-5D32-4C71-A234-32DDF6AEF15E}"
EndProject
Project("{2150E333-8FDC-42A3-9474-1A3956D46DE8}") = "4.2-Data", "4.2-Data", "{C0CCCACE-ED4A-4709-9E3A-AE7DE6C336FF}"
EndProject
Project("{FAE04EC0-301F-11D3-BF4B-00C04F79EFBC}") = "ProjetoModeloDDD.MVC", "ProjetoModeloDDD.MVC\ProjetoModeloDDD.MVC.csproj", "{2AF7679B-8768-47D5-A0C9-881D7C3F3254}"
EndProject
Project("{FAE04EC0-301F-11D3-BF4B-00C04F79EFBC}") = "ProjetoModeloDDD.Domain", "ProjetoModeloDDD.Domain\ProjetoModeloDDD.Domain.csproj", "{7C859766-6079-4EEF-8148-4EE6F9E2030A}"
EndProject
Project("{FAE04EC0-301F-11D3-BF4B-00C04F79EFBC}") = "ProjetoModeloDDD.Infra.Data", "ProjetoModeloDDD.Infra.Data\ProjetoModeloDDD.Infra.Data.csproj", "{4C538AC1-590B-45F2-BB86-2CC025BE9F98}"
EndProject
Project("{FAE04EC0-301F-11D3-BF4B-00C04F79EFBC}") = "ProjetoModeloDDD.Application", "ProjetoModeloDDD.Application\ProjetoModeloDDD.Application.csproj", "{9590BBD3-C678-4DF6-9D1E-B98391A4202F}"
EndProject
Global
	GlobalSection(SolutionConfigurationPlatforms) = preSolution
		Debug|Any CPU = Debug|Any CPU
		Release|Any CPU = Release|Any CPU
	EndGlobalSection
	GlobalSection(ProjectConfigurationPlatforms) = postSolution
		{2AF7679B-8768-47D5-A0C9-881D7C3F3254}.Debug|Any CPU.ActiveCfg = Debug|Any CPU
		{2AF7679B-8768-47D5-A0C9-881D7C3F3254}.Debug|Any CPU.Build.0 = Debug|Any CPU
		{2AF7679B-8768-47D5-A0C9-881D7C3F3254}.Release|Any CPU.ActiveCfg = Release|Any CPU
		{2AF7679B-8768-47D5-A0C9-881D7C3F3254}.Release|Any CPU.Build.0 = Release|Any CPU
		{7C859766-6079-4EEF-8148-4EE6F9E2030A}.Debug|Any CPU.ActiveCfg = Debug|Any CPU
		{7C859766-6079-4EEF-8148-4EE6F9E2030A}.Debug|Any CPU.Build.0 = Debug|Any CPU
		{7C859766-6079-4EEF-8148-4EE6F9E2030A}.Release|Any CPU.ActiveCfg = Release|Any CPU
		{7C859766-6079-4EEF-8148-4EE6F9E2030A}.Release|Any CPU.Build.0 = Release|Any CPU
		{4C538AC1-590B-45F2-BB86-2CC025BE9F98}.Debug|Any CPU.ActiveCfg = Debug|Any CPU
		{4C538AC1-590B-45F2-BB86-2CC025BE9F98}.Debug|Any CPU.Build.0 = Debug|Any CPU
		{4C538AC1-590B-45F2-BB86-2CC025BE9F98}.Release|Any CPU.ActiveCfg = Release|Any CPU
		{4C538AC1-590B-45F2-BB86-2CC025BE9F98}.Release|Any CPU.Build.0 = Release|Any CPU
		{9590BBD3-C678-4DF6-9D1E-B98391A4202F}.Debug|Any CPU.ActiveCfg = Debug|Any CPU
		{9590BBD3-C678-4DF6-9D1E-B98391A4202F}.Debug|Any CPU.Build.0 = Debug|Any CPU
		{9590BBD3-C678-4DF6-9D1E-B98391A4202F}.Release|Any CPU.ActiveCfg = Release|Any CPU
		{9590BBD3-C678-4DF6-9D1E-B98391A4202F}.Release|Any CPU.Build.0 = Release|Any CPU
	EndGlobalSection
	GlobalSection(SolutionProperties) = preSolution
		HideSolutionNode = FALSE
	EndGlobalSection
	GlobalSection(NestedProjects) = preSolution
		{30FE7F71-5D32-4C71-A234-32DDF6AEF15E} = {66531F31-7C1C-4CAB-9D61-17CF2BF619E9}
		{C0CCCACE-ED4A-4709-9E3A-AE7DE6C336FF} = {66531F31-7C1C-4CAB-9D61-17CF2BF619E9}
		{2AF7679B-8768-47D5-A0C9-881D7C3F3254} = {E75C9962-4EFC-4FD9-BA7E-29607A650BB7}
		{7C859766-6079-4EEF-8148-4EE6F9E2030A} = {F7D0E9E3-AB57-4A1E-9672-486C57532F18}
		{4C538AC1-590B-45F2-BB86-2CC025BE9F98} = {C0CCCACE-ED4A-4709-9E3A-AE7DE6C336FF}
		{9590BBD3-C678-4DF6-9D1E-B98391A4202F} = {3878C173-EA1E-4FEE-B207-9BF66052A70B}
	EndGlobalSection
EndGlobal
